github.com/adam000/goutils v0.14.0 h1:p7P7js8zXS/x41K1IgmCMvfL9lsZnqLiOnWKQH72TEM=
github.com/adam000/goutils v0.14.0/go.mod h1:+vU4XmnY0/PONLhUAOcUpFWkIc89fpxIf0SUo3nPQtQ=
github.com/aymerick/douceur v0.2.0 h1:Mv+mAeH1Q+n9Fr+oyamOlAkUNPWPlA8PPGR0QAaYuPk=
github.com/aymerick/douceur v0.2.0/go.mod h1:wlT5vV2O3h55X9m7iVYN0TBM0NH/MmbLnd30/FjWUq4=
github.com/gorilla/css v1.0.0 h1:BQqNyPTi50JCFMTw/b67hByjMVXZRwGha6wxVGkeihY=
github.com/gorilla/css v1.0.0/go.mod h1:Dn721qIggHpt4+EFCcTLTU/vk5ySda2ReITrtgBl60c=
github.com/microcosm-cc/bluemonday v1.0.24 h1:NGQoPtwGVcbGkKfvyYk1yRqknzBuoMiUrO6R7uFTPlw=
github.com/microcosm-cc/bluemonday v1.0.24/go.mod h1:ArQySAMps0790cHSkdPEJ7bGkF2VePWH773hsJNSHf8=
github.com/russross/blackfriday v1.6.0 h1:KqfZb0pUVN2lYqZUYRddxF4OR8ZMURnJIG5Y3VRLtww=
github.com/russross/blackfriday v1.6.0/go.mod h1:ti0ldHuxg49ri4ksnFxlkCfN+hvslNlmVHqNRXXJNAY=
golang.org/x/net v0.38.0 h1:vRMAPTMaeGqVhG5QyLJHqNDwecKTomGeqbnfZyKlBI8=
golang.org/x/net v0.38.0/go.mod h1:ivrbrMbzFq5J41QOQh0siUuly180yBYtLp+CKbEaFx8=
